// !$*UTF8*$!
{
	archiveVersion = 1;
	classes = {
	};
	objectVersion = 56;
	objects = {

/* Begin PBXBuildFile section */
		3A2BA3F62BCB465D001258DA /* YummyDate.docc in Sources */ = {isa = PBXBuildFile; fileRef = 3A2BA3F52BCB465D001258DA /* YummyDate.docc */; };
		3A2BA3FC2BCB465E001258DA /* YummyDate.framework in Frameworks */ = {isa = PBXBuildFile; fileRef = 3A2BA3F12BCB465D001258DA /* YummyDate.framework */; };
		3A2BA4022BCB465E001258DA /* YummyDate.h in Headers */ = {isa = PBXBuildFile; fileRef = 3A2BA3F42BCB465D001258DA /* YummyDate.h */; settings = {ATTRIBUTES = (Public, ); }; };
		3A2BA4102BCB4A3B001258DA /* DateSelectorView.swift in Sources */ = {isa = PBXBuildFile; fileRef = 3A2BA40D2BCB4A3A001258DA /* DateSelectorView.swift */; };
		3A2BA4112BCB4A3B001258DA /* YummyDateBar.swift in Sources */ = {isa = PBXBuildFile; fileRef = 3A2BA40E2BCB4A3B001258DA /* YummyDateBar.swift */; };
		3A2BA4122BCB4A3B001258DA /* DateSelectionManager.swift in Sources */ = {isa = PBXBuildFile; fileRef = 3A2BA40F2BCB4A3B001258DA /* DateSelectionManager.swift */; };
		3A2BA41A2BCB4AB5001258DA /* YummyDateSampleAppApp.swift in Sources */ = {isa = PBXBuildFile; fileRef = 3A2BA4192BCB4AB5001258DA /* YummyDateSampleAppApp.swift */; };
		3A2BA41C2BCB4AB5001258DA /* ContentView.swift in Sources */ = {isa = PBXBuildFile; fileRef = 3A2BA41B2BCB4AB5001258DA /* ContentView.swift */; };
		3A2BA4202BCB4AB7001258DA /* Assets.xcassets in Resources */ = {isa = PBXBuildFile; fileRef = 3A2BA41F2BCB4AB7001258DA /* Assets.xcassets */; };
		3A2BA4232BCB4AB7001258DA /* Preview Assets.xcassets in Resources */ = {isa = PBXBuildFile; fileRef = 3A2BA4222BCB4AB7001258DA /* Preview Assets.xcassets */; };
		3A2BA4282BCB4B28001258DA /* ContentView.swift in Sources */ = {isa = PBXBuildFile; fileRef = 3A2BA41B2BCB4AB5001258DA /* ContentView.swift */; };
		3A2BA42B2BCB4BA4001258DA /* YummyTheme.swift in Sources */ = {isa = PBXBuildFile; fileRef = 3A2BA42A2BCB4BA4001258DA /* YummyTheme.swift */; };
		3A2BA42C2BCB4EAE001258DA /* YummyDateSampleAppApp.swift in Sources */ = {isa = PBXBuildFile; fileRef = 3A2BA4192BCB4AB5001258DA /* YummyDateSampleAppApp.swift */; };
		3A2BA42D2BCB50A4001258DA /* YummyTheme.swift in Sources */ = {isa = PBXBuildFile; fileRef = 3A2BA42A2BCB4BA4001258DA /* YummyTheme.swift */; };
		3A2BA42E2BCB50A7001258DA /* YummyDateBar.swift in Sources */ = {isa = PBXBuildFile; fileRef = 3A2BA40E2BCB4A3B001258DA /* YummyDateBar.swift */; };
		3A2BA42F2BCB50A9001258DA /* DateSelectorView.swift in Sources */ = {isa = PBXBuildFile; fileRef = 3A2BA40D2BCB4A3A001258DA /* DateSelectorView.swift */; };
		3A2BA4302BCB50AB001258DA /* DateSelectionManager.swift in Sources */ = {isa = PBXBuildFile; fileRef = 3A2BA40F2BCB4A3B001258DA /* DateSelectionManager.swift */; };
		3ABCD50F2BCC0C2F00E8D3EC /* DateSelectionManagerTests.swift in Sources */ = {isa = PBXBuildFile; fileRef = 3ABCD50E2BCC0C2F00E8D3EC /* DateSelectionManagerTests.swift */; };
/* End PBXBuildFile section */

/* Begin PBXContainerItemProxy section */
		3A2BA3FD2BCB465E001258DA /* PBXContainerItemProxy */ = {
			isa = PBXContainerItemProxy;
			containerPortal = 3A2BA3E82BCB465D001258DA /* Project object */;
			proxyType = 1;
			remoteGlobalIDString = 3A2BA3F02BCB465D001258DA;
			remoteInfo = YummyDate;
		};
/* End PBXContainerItemProxy section */

/* Begin PBXFileReference section */
		3A2BA3F12BCB465D001258DA /* YummyDate.framework */ = {isa = PBXFileReference; explicitFileType = wrapper.framework; includeInIndex = 0; path = YummyDate.framework; sourceTree = BUILT_PRODUCTS_DIR; };
		3A2BA3F42BCB465D001258DA /* YummyDate.h */ = {isa = PBXFileReference; lastKnownFileType = sourcecode.c.h; path = YummyDate.h; sourceTree = "<group>"; };
		3A2BA3F52BCB465D001258DA /* YummyDate.docc */ = {isa = PBXFileReference; lastKnownFileType = folder.documentationcatalog; path = YummyDate.docc; sourceTree = "<group>"; };
		3A2BA3FB2BCB465E001258DA /* YummyDateTests.xctest */ = {isa = PBXFileReference; explicitFileType = wrapper.cfbundle; includeInIndex = 0; path = YummyDateTests.xctest; sourceTree = BUILT_PRODUCTS_DIR; };
		3A2BA40D2BCB4A3A001258DA /* DateSelectorView.swift */ = {isa = PBXFileReference; lastKnownFileType = sourcecode.swift; path = DateSelectorView.swift; sourceTree = "<group>"; };
		3A2BA40E2BCB4A3B001258DA /* YummyDateBar.swift */ = {isa = PBXFileReference; lastKnownFileType = sourcecode.swift; path = YummyDateBar.swift; sourceTree = "<group>"; };
		3A2BA40F2BCB4A3B001258DA /* DateSelectionManager.swift */ = {isa = PBXFileReference; lastKnownFileType = sourcecode.swift; path = DateSelectionManager.swift; sourceTree = "<group>"; };
		3A2BA4172BCB4AB5001258DA /* YummyDateSampleApp.app */ = {isa = PBXFileReference; explicitFileType = wrapper.application; includeInIndex = 0; path = YummyDateSampleApp.app; sourceTree = BUILT_PRODUCTS_DIR; };
		3A2BA4192BCB4AB5001258DA /* YummyDateSampleAppApp.swift */ = {isa = PBXFileReference; lastKnownFileType = sourcecode.swift; path = YummyDateSampleAppApp.swift; sourceTree = "<group>"; };
		3A2BA41B2BCB4AB5001258DA /* ContentView.swift */ = {isa = PBXFileReference; lastKnownFileType = sourcecode.swift; path = ContentView.swift; sourceTree = "<group>"; };
		3A2BA41F2BCB4AB7001258DA /* Assets.xcassets */ = {isa = PBXFileReference; lastKnownFileType = folder.assetcatalog; path = Assets.xcassets; sourceTree = "<group>"; };
		3A2BA4222BCB4AB7001258DA /* Preview Assets.xcassets */ = {isa = PBXFileReference; lastKnownFileType = folder.assetcatalog; path = "Preview Assets.xcassets"; sourceTree = "<group>"; };
		3A2BA42A2BCB4BA4001258DA /* YummyTheme.swift */ = {isa = PBXFileReference; lastKnownFileType = sourcecode.swift; path = YummyTheme.swift; sourceTree = "<group>"; };
		3ABCD50E2BCC0C2F00E8D3EC /* DateSelectionManagerTests.swift */ = {isa = PBXFileReference; lastKnownFileType = sourcecode.swift; path = DateSelectionManagerTests.swift; sourceTree = "<group>"; };
/* End PBXFileReference section */

/* Begin PBXFrameworksBuildPhase section */
		3A2BA3EE2BCB465D001258DA /* Frameworks */ = {
			isa = PBXFrameworksBuildPhase;
			buildActionMask = 2147483647;
			files = (
			);
			runOnlyForDeploymentPostprocessing = 0;
		};
		3A2BA3F82BCB465E001258DA /* Frameworks */ = {
			isa = PBXFrameworksBuildPhase;
			buildActionMask = 2147483647;
			files = (
				3A2BA3FC2BCB465E001258DA /* YummyDate.framework in Frameworks */,
			);
			runOnlyForDeploymentPostprocessing = 0;
		};
		3A2BA4142BCB4AB5001258DA /* Frameworks */ = {
			isa = PBXFrameworksBuildPhase;
			buildActionMask = 2147483647;
			files = (
			);
			runOnlyForDeploymentPostprocessing = 0;
		};
/* End PBXFrameworksBuildPhase section */

/* Begin PBXGroup section */
		3A2BA3E72BCB465D001258DA = {
			isa = PBXGroup;
			children = (
				3A2BA3F32BCB465D001258DA /* YummyDate */,
				3A2BA3FF2BCB465E001258DA /* YummyDateTests */,
				3A2BA4182BCB4AB5001258DA /* YummyDateSampleApp */,
				3A2BA3F22BCB465D001258DA /* Products */,
			);
			sourceTree = "<group>";
		};
		3A2BA3F22BCB465D001258DA /* Products */ = {
			isa = PBXGroup;
			children = (
				3A2BA3F12BCB465D001258DA /* YummyDate.framework */,
				3A2BA3FB2BCB465E001258DA /* YummyDateTests.xctest */,
				3A2BA4172BCB4AB5001258DA /* YummyDateSampleApp.app */,
			);
			name = Products;
			sourceTree = "<group>";
		};
		3A2BA3F32BCB465D001258DA /* YummyDate */ = {
			isa = PBXGroup;
			children = (
				3A2BA3F42BCB465D001258DA /* YummyDate.h */,
				3A2BA40F2BCB4A3B001258DA /* DateSelectionManager.swift */,
				3A2BA40D2BCB4A3A001258DA /* DateSelectorView.swift */,
				3A2BA40E2BCB4A3B001258DA /* YummyDateBar.swift */,
				3A2BA42A2BCB4BA4001258DA /* YummyTheme.swift */,
				3A2BA3F52BCB465D001258DA /* YummyDate.docc */,
			);
			path = YummyDate;
			sourceTree = "<group>";
		};
		3A2BA3FF2BCB465E001258DA /* YummyDateTests */ = {
			isa = PBXGroup;
			children = (
				3ABCD50E2BCC0C2F00E8D3EC /* DateSelectionManagerTests.swift */,
			);
			path = YummyDateTests;
			sourceTree = "<group>";
		};
		3A2BA4182BCB4AB5001258DA /* YummyDateSampleApp */ = {
			isa = PBXGroup;
			children = (
				3A2BA4192BCB4AB5001258DA /* YummyDateSampleAppApp.swift */,
				3A2BA41B2BCB4AB5001258DA /* ContentView.swift */,
				3A2BA41F2BCB4AB7001258DA /* Assets.xcassets */,
				3A2BA4212BCB4AB7001258DA /* Preview Content */,
			);
			path = YummyDateSampleApp;
			sourceTree = "<group>";
		};
		3A2BA4212BCB4AB7001258DA /* Preview Content */ = {
			isa = PBXGroup;
			children = (
				3A2BA4222BCB4AB7001258DA /* Preview Assets.xcassets */,
			);
			path = "Preview Content";
			sourceTree = "<group>";
		};
/* End PBXGroup section */

/* Begin PBXHeadersBuildPhase section */
		3A2BA3EC2BCB465D001258DA /* Headers */ = {
			isa = PBXHeadersBuildPhase;
			buildActionMask = 2147483647;
			files = (
				3A2BA4022BCB465E001258DA /* YummyDate.h in Headers */,
			);
			runOnlyForDeploymentPostprocessing = 0;
		};
/* End PBXHeadersBuildPhase section */

/* Begin PBXNativeTarget section */
		3A2BA3F02BCB465D001258DA /* YummyDate */ = {
			isa = PBXNativeTarget;
			buildConfigurationList = 3A2BA4052BCB465E001258DA /* Build configuration list for PBXNativeTarget "YummyDate" */;
			buildPhases = (
				3A2BA3EC2BCB465D001258DA /* Headers */,
				3A2BA3ED2BCB465D001258DA /* Sources */,
				3A2BA3EE2BCB465D001258DA /* Frameworks */,
				3A2BA3EF2BCB465D001258DA /* Resources */,
			);
			buildRules = (
			);
			dependencies = (
			);
			name = YummyDate;
			productName = YummyDate;
			productReference = 3A2BA3F12BCB465D001258DA /* YummyDate.framework */;
			productType = "com.apple.product-type.framework";
		};
		3A2BA3FA2BCB465E001258DA /* YummyDateTests */ = {
			isa = PBXNativeTarget;
			buildConfigurationList = 3A2BA4082BCB465E001258DA /* Build configuration list for PBXNativeTarget "YummyDateTests" */;
			buildPhases = (
				3A2BA3F72BCB465E001258DA /* Sources */,
				3A2BA3F82BCB465E001258DA /* Frameworks */,
				3A2BA3F92BCB465E001258DA /* Resources */,
			);
			buildRules = (
			);
			dependencies = (
				3A2BA3FE2BCB465E001258DA /* PBXTargetDependency */,
			);
			name = YummyDateTests;
			productName = YummyDateTests;
			productReference = 3A2BA3FB2BCB465E001258DA /* YummyDateTests.xctest */;
			productType = "com.apple.product-type.bundle.unit-test";
		};
		3A2BA4162BCB4AB5001258DA /* YummyDateSampleApp */ = {
			isa = PBXNativeTarget;
			buildConfigurationList = 3A2BA4242BCB4AB7001258DA /* Build configuration list for PBXNativeTarget "YummyDateSampleApp" */;
			buildPhases = (
				3A2BA4132BCB4AB5001258DA /* Sources */,
				3A2BA4142BCB4AB5001258DA /* Frameworks */,
				3A2BA4152BCB4AB5001258DA /* Resources */,
			);
			buildRules = (
			);
			dependencies = (
			);
			name = YummyDateSampleApp;
			productName = YummyDateSampleApp;
			productReference = 3A2BA4172BCB4AB5001258DA /* YummyDateSampleApp.app */;
			productType = "com.apple.product-type.application";
		};
/* End PBXNativeTarget section */

/* Begin PBXProject section */
		3A2BA3E82BCB465D001258DA /* Project object */ = {
			isa = PBXProject;
			attributes = {
				BuildIndependentTargetsInParallel = 1;
				LastSwiftUpdateCheck = 1500;
				LastUpgradeCheck = 1500;
				TargetAttributes = {
					3A2BA3F02BCB465D001258DA = {
						CreatedOnToolsVersion = 15.0.1;
					};
					3A2BA3FA2BCB465E001258DA = {
						CreatedOnToolsVersion = 15.0.1;
					};
					3A2BA4162BCB4AB5001258DA = {
						CreatedOnToolsVersion = 15.0.1;
					};
				};
			};
			buildConfigurationList = 3A2BA3EB2BCB465D001258DA /* Build configuration list for PBXProject "YummyDate" */;
			compatibilityVersion = "Xcode 14.0";
			developmentRegion = en;
			hasScannedForEncodings = 0;
			knownRegions = (
				en,
				Base,
			);
			mainGroup = 3A2BA3E72BCB465D001258DA;
			productRefGroup = 3A2BA3F22BCB465D001258DA /* Products */;
			projectDirPath = "";
			projectRoot = "";
			targets = (
				3A2BA3F02BCB465D001258DA /* YummyDate */,
				3A2BA3FA2BCB465E001258DA /* YummyDateTests */,
				3A2BA4162BCB4AB5001258DA /* YummyDateSampleApp */,
			);
		};
/* End PBXProject section */

/* Begin PBXResourcesBuildPhase section */
		3A2BA3EF2BCB465D001258DA /* Resources */ = {
			isa = PBXResourcesBuildPhase;
			buildActionMask = 2147483647;
			files = (
			);
			runOnlyForDeploymentPostprocessing = 0;
		};
		3A2BA3F92BCB465E001258DA /* Resources */ = {
			isa = PBXResourcesBuildPhase;
			buildActionMask = 2147483647;
			files = (
			);
			runOnlyForDeploymentPostprocessing = 0;
		};
		3A2BA4152BCB4AB5001258DA /* Resources */ = {
			isa = PBXResourcesBuildPhase;
			buildActionMask = 2147483647;
			files = (
				3A2BA4232BCB4AB7001258DA /* Preview Assets.xcassets in Resources */,
				3A2BA4202BCB4AB7001258DA /* Assets.xcassets in Resources */,
			);
			runOnlyForDeploymentPostprocessing = 0;
		};
/* End PBXResourcesBuildPhase section */

/* Begin PBXSourcesBuildPhase section */
		3A2BA3ED2BCB465D001258DA /* Sources */ = {
			isa = PBXSourcesBuildPhase;
			buildActionMask = 2147483647;
			files = (
				3A2BA4122BCB4A3B001258DA /* DateSelectionManager.swift in Sources */,
				3A2BA42C2BCB4EAE001258DA /* YummyDateSampleAppApp.swift in Sources */,
				3A2BA4282BCB4B28001258DA /* ContentView.swift in Sources */,
				3A2BA4102BCB4A3B001258DA /* DateSelectorView.swift in Sources */,
				3A2BA4112BCB4A3B001258DA /* YummyDateBar.swift in Sources */,
				3A2BA3F62BCB465D001258DA /* YummyDate.docc in Sources */,
				3A2BA42B2BCB4BA4001258DA /* YummyTheme.swift in Sources */,
			);
			runOnlyForDeploymentPostprocessing = 0;
		};
		3A2BA3F72BCB465E001258DA /* Sources */ = {
			isa = PBXSourcesBuildPhase;
			buildActionMask = 2147483647;
			files = (
				3ABCD50F2BCC0C2F00E8D3EC /* DateSelectionManagerTests.swift in Sources */,
			);
			runOnlyForDeploymentPostprocessing = 0;
		};
		3A2BA4132BCB4AB5001258DA /* Sources */ = {
			isa = PBXSourcesBuildPhase;
			buildActionMask = 2147483647;
			files = (
				3A2BA4302BCB50AB001258DA /* DateSelectionManager.swift in Sources */,
				3A2BA42D2BCB50A4001258DA /* YummyTheme.swift in Sources */,
				3A2BA42F2BCB50A9001258DA /* DateSelectorView.swift in Sources */,
				3A2BA42E2BCB50A7001258DA /* YummyDateBar.swift in Sources */,
				3A2BA41C2BCB4AB5001258DA /* ContentView.swift in Sources */,
				3A2BA41A2BCB4AB5001258DA /* YummyDateSampleAppApp.swift in Sources */,
			);
			runOnlyForDeploymentPostprocessing = 0;
		};
/* End PBXSourcesBuildPhase section */

/* Begin PBXTargetDependency section */
		3A2BA3FE2BCB465E001258DA /* PBXTargetDependency */ = {
			isa = PBXTargetDependency;
			target = 3A2BA3F02BCB465D001258DA /* YummyDate */;
			targetProxy = 3A2BA3FD2BCB465E001258DA /* PBXContainerItemProxy */;
		};
/* End PBXTargetDependency section */

/* Begin XCBuildConfiguration section */
		3A2BA4032BCB465E001258DA /* Debug */ = {
			isa = XCBuildConfiguration;
			buildSettings = {
				ALWAYS_SEARCH_USER_PATHS = NO;
				ASSETCATALOG_COMPILER_GENERATE_SWIFT_ASSET_SYMBOL_EXTENSIONS = YES;
				CLANG_ANALYZER_NONNULL = YES;
				CLANG_ANALYZER_NUMBER_OBJECT_CONVERSION = YES_AGGRESSIVE;
				CLANG_CXX_LANGUAGE_STANDARD = "gnu++20";
				CLANG_ENABLE_MODULES = YES;
				CLANG_ENABLE_OBJC_ARC = YES;
				CLANG_ENABLE_OBJC_WEAK = YES;
				CLANG_WARN_BLOCK_CAPTURE_AUTORELEASING = YES;
				CLANG_WARN_BOOL_CONVERSION = YES;
				CLANG_WARN_COMMA = YES;
				CLANG_WARN_CONSTANT_CONVERSION = YES;
				CLANG_WARN_DEPRECATED_OBJC_IMPLEMENTATIONS = YES;
				CLANG_WARN_DIRECT_OBJC_ISA_USAGE = YES_ERROR;
				CLANG_WARN_DOCUMENTATION_COMMENTS = YES;
				CLANG_WARN_EMPTY_BODY = YES;
				CLANG_WARN_ENUM_CONVERSION = YES;
				CLANG_WARN_INFINITE_RECURSION = YES;
				CLANG_WARN_INT_CONVERSION = YES;
				CLANG_WARN_NON_LITERAL_NULL_CONVERSION = YES;
				CLANG_WARN_OBJC_IMPLICIT_RETAIN_SELF = YES;
				CLANG_WARN_OBJC_LITERAL_CONVERSION = YES;
				CLANG_WARN_OBJC_ROOT_CLASS = YES_ERROR;
				CLANG_WARN_QUOTED_INCLUDE_IN_FRAMEWORK_HEADER = YES;
				CLANG_WARN_RANGE_LOOP_ANALYSIS = YES;
				CLANG_WARN_STRICT_PROTOTYPES = YES;
				CLANG_WARN_SUSPICIOUS_MOVE = YES;
				CLANG_WARN_UNGUARDED_AVAILABILITY = YES_AGGRESSIVE;
				CLANG_WARN_UNREACHABLE_CODE = YES;
				CLANG_WARN__DUPLICATE_METHOD_MATCH = YES;
				COPY_PHASE_STRIP = NO;
				CURRENT_PROJECT_VERSION = 1;
				DEBUG_INFORMATION_FORMAT = dwarf;
				ENABLE_STRICT_OBJC_MSGSEND = YES;
				ENABLE_TESTABILITY = YES;
				ENABLE_USER_SCRIPT_SANDBOXING = YES;
				GCC_C_LANGUAGE_STANDARD = gnu17;
				GCC_DYNAMIC_NO_PIC = NO;
				GCC_NO_COMMON_BLOCKS = YES;
				GCC_OPTIMIZATION_LEVEL = 0;
				GCC_PREPROCESSOR_DEFINITIONS = (
					"DEBUG=1",
					"$(inherited)",
				);
				GCC_WARN_64_TO_32_BIT_CONVERSION = YES;
				GCC_WARN_ABOUT_RETURN_TYPE = YES_ERROR;
				GCC_WARN_UNDECLARED_SELECTOR = YES;
				GCC_WARN_UNINITIALIZED_AUTOS = YES_AGGRESSIVE;
				GCC_WARN_UNUSED_FUNCTION = YES;
				GCC_WARN_UNUSED_VARIABLE = YES;
				IPHONEOS_DEPLOYMENT_TARGET = 17.0;
				LOCALIZATION_PREFERS_STRING_CATALOGS = YES;
				MTL_ENABLE_DEBUG_INFO = INCLUDE_SOURCE;
				MTL_FAST_MATH = YES;
				ONLY_ACTIVE_ARCH = YES;
				SDKROOT = iphoneos;
				SWIFT_ACTIVE_COMPILATION_CONDITIONS = "DEBUG $(inherited)";
				SWIFT_OPTIMIZATION_LEVEL = "-Onone";
				VERSIONING_SYSTEM = "apple-generic";
				VERSION_INFO_PREFIX = "";
			};
			name = Debug;
		};
		3A2BA4042BCB465E001258DA /* Release */ = {
			isa = XCBuildConfiguration;
			buildSettings = {
				ALWAYS_SEARCH_USER_PATHS = NO;
				ASSETCATALOG_COMPILER_GENERATE_SWIFT_ASSET_SYMBOL_EXTENSIONS = YES;
				CLANG_ANALYZER_NONNULL = YES;
				CLANG_ANALYZER_NUMBER_OBJECT_CONVERSION = YES_AGGRESSIVE;
				CLANG_CXX_LANGUAGE_STANDARD = "gnu++20";
				CLANG_ENABLE_MODULES = YES;
				CLANG_ENABLE_OBJC_ARC = YES;
				CLANG_ENABLE_OBJC_WEAK = YES;
				CLANG_WARN_BLOCK_CAPTURE_AUTORELEASING = YES;
				CLANG_WARN_BOOL_CONVERSION = YES;
				CLANG_WARN_COMMA = YES;
				CLANG_WARN_CONSTANT_CONVERSION = YES;
				CLANG_WARN_DEPRECATED_OBJC_IMPLEMENTATIONS = YES;
				CLANG_WARN_DIRECT_OBJC_ISA_USAGE = YES_ERROR;
				CLANG_WARN_DOCUMENTATION_COMMENTS = YES;
				CLANG_WARN_EMPTY_BODY = YES;
				CLANG_WARN_ENUM_CONVERSION = YES;
				CLANG_WARN_INFINITE_RECURSION = YES;
				CLANG_WARN_INT_CONVERSION = YES;
				CLANG_WARN_NON_LITERAL_NULL_CONVERSION = YES;
				CLANG_WARN_OBJC_IMPLICIT_RETAIN_SELF = YES;
				CLANG_WARN_OBJC_LITERAL_CONVERSION = YES;
				CLANG_WARN_OBJC_ROOT_CLASS = YES_ERROR;
				CLANG_WARN_QUOTED_INCLUDE_IN_FRAMEWORK_HEADER = YES;
				CLANG_WARN_RANGE_LOOP_ANALYSIS = YES;
				CLANG_WARN_STRICT_PROTOTYPES = YES;
				CLANG_WARN_SUSPICIOUS_MOVE = YES;
				CLANG_WARN_UNGUARDED_AVAILABILITY = YES_AGGRESSIVE;
				CLANG_WARN_UNREACHABLE_CODE = YES;
				CLANG_WARN__DUPLICATE_METHOD_MATCH = YES;
				COPY_PHASE_STRIP = NO;
				CURRENT_PROJECT_VERSION = 1;
				DEBUG_INFORMATION_FORMAT = "dwarf-with-dsym";
				ENABLE_NS_ASSERTIONS = NO;
				ENABLE_STRICT_OBJC_MSGSEND = YES;
				ENABLE_USER_SCRIPT_SANDBOXING = YES;
				GCC_C_LANGUAGE_STANDARD = gnu17;
				GCC_NO_COMMON_BLOCKS = YES;
				GCC_WARN_64_TO_32_BIT_CONVERSION = YES;
				GCC_WARN_ABOUT_RETURN_TYPE = YES_ERROR;
				GCC_WARN_UNDECLARED_SELECTOR = YES;
				GCC_WARN_UNINITIALIZED_AUTOS = YES_AGGRESSIVE;
				GCC_WARN_UNUSED_FUNCTION = YES;
				GCC_WARN_UNUSED_VARIABLE = YES;
				IPHONEOS_DEPLOYMENT_TARGET = 17.0;
				LOCALIZATION_PREFERS_STRING_CATALOGS = YES;
				MTL_ENABLE_DEBUG_INFO = NO;
				MTL_FAST_MATH = YES;
				ONLY_ACTIVE_ARCH = YES;
				SDKROOT = iphoneos;
				SWIFT_COMPILATION_MODE = wholemodule;
				VALIDATE_PRODUCT = YES;
				VERSIONING_SYSTEM = "apple-generic";
				VERSION_INFO_PREFIX = "";
			};
			name = Release;
		};
		3A2BA4062BCB465E001258DA /* Debug */ = {
			isa = XCBuildConfiguration;
			buildSettings = {
				CODE_SIGN_STYLE = Automatic;
				CURRENT_PROJECT_VERSION = 1;
				DEFINES_MODULE = YES;
				DEVELOPMENT_TEAM = BHJSDBBPS7;
				DYLIB_COMPATIBILITY_VERSION = 1;
				DYLIB_CURRENT_VERSION = 1;
				DYLIB_INSTALL_NAME_BASE = "@rpath";
				ENABLE_MODULE_VERIFIER = YES;
				GENERATE_INFOPLIST_FILE = YES;
				INFOPLIST_KEY_NSHumanReadableCopyright = "";
				INSTALL_PATH = "$(LOCAL_LIBRARY_DIR)/Frameworks";
				LD_RUNPATH_SEARCH_PATHS = (
					"$(inherited)",
					"@executable_path/Frameworks",
					"@loader_path/Frameworks",
				);
				MARKETING_VERSION = 1.0;
				MODULE_VERIFIER_SUPPORTED_LANGUAGES = "objective-c objective-c++";
				MODULE_VERIFIER_SUPPORTED_LANGUAGE_STANDARDS = "gnu17 gnu++20";
				ONLY_ACTIVE_ARCH = YES;
				PRODUCT_BUNDLE_IDENTIFIER = samroman.YummyDate;
				PRODUCT_NAME = "$(TARGET_NAME:c99extidentifier)";
				SKIP_INSTALL = YES;
				SWIFT_EMIT_LOC_STRINGS = YES;
				SWIFT_VERSION = 5.0;
				TARGETED_DEVICE_FAMILY = "1,2";
			};
			name = Debug;
		};
		3A2BA4072BCB465E001258DA /* Release */ = {
			isa = XCBuildConfiguration;
			buildSettings = {
				CODE_SIGN_STYLE = Automatic;
				CURRENT_PROJECT_VERSION = 1;
				DEFINES_MODULE = YES;
				DEVELOPMENT_TEAM = BHJSDBBPS7;
				DYLIB_COMPATIBILITY_VERSION = 1;
				DYLIB_CURRENT_VERSION = 1;
				DYLIB_INSTALL_NAME_BASE = "@rpath";
				ENABLE_MODULE_VERIFIER = YES;
				GENERATE_INFOPLIST_FILE = YES;
				INFOPLIST_KEY_NSHumanReadableCopyright = "";
				INSTALL_PATH = "$(LOCAL_LIBRARY_DIR)/Frameworks";
				LD_RUNPATH_SEARCH_PATHS = (
					"$(inherited)",
					"@executable_path/Frameworks",
					"@loader_path/Frameworks",
				);
				MARKETING_VERSION = 1.0;
				MODULE_VERIFIER_SUPPORTED_LANGUAGES = "objective-c objective-c++";
				MODULE_VERIFIER_SUPPORTED_LANGUAGE_STANDARDS = "gnu17 gnu++20";
				ONLY_ACTIVE_ARCH = YES;
				PRODUCT_BUNDLE_IDENTIFIER = samroman.YummyDate;
				PRODUCT_NAME = "$(TARGET_NAME:c99extidentifier)";
				SKIP_INSTALL = YES;
				SWIFT_EMIT_LOC_STRINGS = YES;
				SWIFT_VERSION = 5.0;
				TARGETED_DEVICE_FAMILY = "1,2";
			};
			name = Release;
		};
		3A2BA4092BCB465E001258DA /* Debug */ = {
			isa = XCBuildConfiguration;
			buildSettings = {
				ALWAYS_EMBED_SWIFT_STANDARD_LIBRARIES = YES;
				CODE_SIGN_STYLE = Automatic;
				CURRENT_PROJECT_VERSION = 1;
				DEVELOPMENT_TEAM = BHJSDBBPS7;
				GENERATE_INFOPLIST_FILE = YES;
				MARKETING_VERSION = 1.0;
				PRODUCT_BUNDLE_IDENTIFIER = samroman.YummyDateTests;
				PRODUCT_NAME = "$(TARGET_NAME)";
				SWIFT_EMIT_LOC_STRINGS = NO;
				SWIFT_VERSION = 5.0;
				TARGETED_DEVICE_FAMILY = "1,2";
			};
			name = Debug;
		};
		3A2BA40A2BCB465E001258DA /* Release */ = {
			isa = XCBuildConfiguration;
			buildSettings = {
				ALWAYS_EMBED_SWIFT_STANDARD_LIBRARIES = YES;
				CODE_SIGN_STYLE = Automatic;
				CURRENT_PROJECT_VERSION = 1;
				DEVELOPMENT_TEAM = BHJSDBBPS7;
				GENERATE_INFOPLIST_FILE = YES;
				MARKETING_VERSION = 1.0;
				PRODUCT_BUNDLE_IDENTIFIER = samroman.YummyDateTests;
				PRODUCT_NAME = "$(TARGET_NAME)";
				SWIFT_EMIT_LOC_STRINGS = NO;
				SWIFT_VERSION = 5.0;
				TARGETED_DEVICE_FAMILY = "1,2";
			};
			name = Release;
		};
		3A2BA4252BCB4AB7001258DA /* Debug */ = {
			isa = XCBuildConfiguration;
			buildSettings = {
				ASSETCATALOG_COMPILER_APPICON_NAME = AppIcon;
				ASSETCATALOG_COMPILER_GLOBAL_ACCENT_COLOR_NAME = AccentColor;
				CODE_SIGN_STYLE = Automatic;
				CURRENT_PROJECT_VERSION = 1;
				DEVELOPMENT_ASSET_PATHS = "\"YummyDateSampleApp/Preview Content\"";
				DEVELOPMENT_TEAM = BHJSDBBPS7;
				ENABLE_PREVIEWS = YES;
				GENERATE_INFOPLIST_FILE = YES;
				INFOPLIST_KEY_UIApplicationSceneManifest_Generation = YES;
				INFOPLIST_KEY_UIApplicationSupportsIndirectInputEvents = YES;
				INFOPLIST_KEY_UILaunchScreen_Generation = YES;
				INFOPLIST_KEY_UISupportedInterfaceOrientations_iPad = "UIInterfaceOrientationPortrait UIInterfaceOrientationPortraitUpsideDown UIInterfaceOrientationLandscapeLeft UIInterfaceOrientationLandscapeRight";
				INFOPLIST_KEY_UISupportedInterfaceOrientations_iPhone = "UIInterfaceOrientationPortrait UIInterfaceOrientationLandscapeLeft UIInterfaceOrientationLandscapeRight";
				LD_RUNPATH_SEARCH_PATHS = (
					"$(inherited)",
					"@executable_path/Frameworks",
				);
				MARKETING_VERSION = 1.0;
				PRODUCT_BUNDLE_IDENTIFIER = samroman.YummyDateSampleApp;
				PRODUCT_NAME = "$(TARGET_NAME)";
				SWIFT_EMIT_LOC_STRINGS = YES;
				SWIFT_VERSION = 5.0;
				TARGETED_DEVICE_FAMILY = "1,2";
			};
			name = Debug;
		};
		3A2BA4262BCB4AB7001258DA /* Release */ = {
			isa = XCBuildConfiguration;
			buildSettings = {
				ASSETCATALOG_COMPILER_APPICON_NAME = AppIcon;
				ASSETCATALOG_COMPILER_GLOBAL_ACCENT_COLOR_NAME = AccentColor;
				CODE_SIGN_STYLE = Automatic;
				CURRENT_PROJECT_VERSION = 1;
				DEVELOPMENT_ASSET_PATHS = "\"YummyDateSampleApp/Preview Content\"";
				DEVELOPMENT_TEAM = BHJSDBBPS7;
				ENABLE_PREVIEWS = YES;
				GENERATE_INFOPLIST_FILE = YES;
				INFOPLIST_KEY_UIApplicationSceneManifest_Generation = YES;
				INFOPLIST_KEY_UIApplicationSupportsIndirectInputEvents = YES;
				INFOPLIST_KEY_UILaunchScreen_Generation = YES;
				INFOPLIST_KEY_UISupportedInterfaceOrientations_iPad = "UIInterfaceOrientationPortrait UIInterfaceOrientationPortraitUpsideDown UIInterfaceOrientationLandscapeLeft UIInterfaceOrientationLandscapeRight";
				INFOPLIST_KEY_UISupportedInterfaceOrientations_iPhone = "UIInterfaceOrientationPortrait UIInterfaceOrientationLandscapeLeft UIInterfaceOrientationLandscapeRight";
				LD_RUNPATH_SEARCH_PATHS = (
					"$(inherited)",
					"@executable_path/Frameworks",
				);
				MARKETING_VERSION = 1.0;
				PRODUCT_BUNDLE_IDENTIFIER = samroman.YummyDateSampleApp;
				PRODUCT_NAME = "$(TARGET_NAME)";
				SWIFT_EMIT_LOC_STRINGS = YES;
				SWIFT_VERSION = 5.0;
				TARGETED_DEVICE_FAMILY = "1,2";
			};
			name = Release;
		};
/* End XCBuildConfiguration section */

/* Begin XCConfigurationList section */
		3A2BA3EB2BCB465D001258DA /* Build configuration list for PBXProject "YummyDate" */ = {
			isa = XCConfigurationList;
			buildConfigurations = (
				3A2BA4032BCB465E001258DA /* Debug */,
				3A2BA4042BCB465E001258DA /* Release */,
			);
			defaultConfigurationIsVisible = 0;
			defaultConfigurationName = Release;
		};
		3A2BA4052BCB465E001258DA /* Build configuration list for PBXNativeTarget "YummyDate" */ = {
			isa = XCConfigurationList;
			buildConfigurations = (
				3A2BA4062BCB465E001258DA /* Debug */,
				3A2BA4072BCB465E001258DA /* Release */,
			);
			defaultConfigurationIsVisible = 0;
			defaultConfigurationName = Release;
		};
		3A2BA4082BCB465E001258DA /* Build configuration list for PBXNativeTarget "YummyDateTests" */ = {
			isa = XCConfigurationList;
			buildConfigurations = (
				3A2BA4092BCB465E001258DA /* Debug */,
				3A2BA40A2BCB465E001258DA /* Release */,
			);
			defaultConfigurationIsVisible = 0;
			defaultConfigurationName = Release;
		};
		3A2BA4242BCB4AB7001258DA /* Build configuration list for PBXNativeTarget "YummyDateSampleApp" */ = {
			isa = XCConfigurationList;
			buildConfigurations = (
				3A2BA4252BCB4AB7001258DA /* Debug */,
				3A2BA4262BCB4AB7001258DA /* Release */,
			);
			defaultConfigurationIsVisible = 0;
			defaultConfigurationName = Release;
		};
/* End XCConfigurationList section */
	};
	rootObject = 3A2BA3E82BCB465D001258DA /* Project object */;
}
